// !$*UTF8*$!
{
	archiveVersion = 1;
	classes = {
	};
	objectVersion = 46;
	objects = {

/* Begin PBXBuildFile section */
		03294B121CE7E7680058A93B /* Alamofire.framework in Copy Files */ = {isa = PBXBuildFile; fileRef = 03294B0E1CE7E7680058A93B /* Alamofire.framework */; settings = {ATTRIBUTES = (CodeSignOnCopy, RemoveHeadersOnCopy, ); }; };
		03294B131CE7E7680058A93B /* LKAlertController.framework in Copy Files */ = {isa = PBXBuildFile; fileRef = 03294B0F1CE7E7680058A93B /* LKAlertController.framework */; settings = {ATTRIBUTES = (CodeSignOnCopy, RemoveHeadersOnCopy, ); }; };
		03294B141CE7E7680058A93B /* ObjectMapper.framework in Copy Files */ = {isa = PBXBuildFile; fileRef = 03294B101CE7E7680058A93B /* ObjectMapper.framework */; settings = {ATTRIBUTES = (CodeSignOnCopy, RemoveHeadersOnCopy, ); }; };
		03294B151CE7E7680058A93B /* UberRides.framework in Copy Files */ = {isa = PBXBuildFile; fileRef = 03294B111CE7E7680058A93B /* UberRides.framework */; settings = {ATTRIBUTES = (CodeSignOnCopy, RemoveHeadersOnCopy, ); }; };
		036F64061CE75CCA003F2B94 /* AppDelegate.swift in Sources */ = {isa = PBXBuildFile; fileRef = 036F64051CE75CCA003F2B94 /* AppDelegate.swift */; };
		036F640D1CE75CCA003F2B94 /* Assets.xcassets in Resources */ = {isa = PBXBuildFile; fileRef = 036F640C1CE75CCA003F2B94 /* Assets.xcassets */; };
		036F64101CE75CCA003F2B94 /* LaunchScreen.storyboard in Resources */ = {isa = PBXBuildFile; fileRef = 036F640E1CE75CCA003F2B94 /* LaunchScreen.storyboard */; };
		036F64181CE75E8D003F2B94 /* MainViewController.swift in Sources */ = {isa = PBXBuildFile; fileRef = 036F64171CE75E8D003F2B94 /* MainViewController.swift */; };
		036F641A1CE75F6D003F2B94 /* ChatCell.swift in Sources */ = {isa = PBXBuildFile; fileRef = 036F64191CE75F6D003F2B94 /* ChatCell.swift */; };
		036F641C1CE75F88003F2B94 /* SizeDelegate.swift in Sources */ = {isa = PBXBuildFile; fileRef = 036F641B1CE75F88003F2B94 /* SizeDelegate.swift */; };
		036F641E1CE75F9D003F2B94 /* TypingView.swift in Sources */ = {isa = PBXBuildFile; fileRef = 036F641D1CE75F9D003F2B94 /* TypingView.swift */; };
		036F64201CE75FB4003F2B94 /* LabelExtension.swift in Sources */ = {isa = PBXBuildFile; fileRef = 036F641F1CE75FB4003F2B94 /* LabelExtension.swift */; };
		036F64221CE75FD3003F2B94 /* EntryView.swift in Sources */ = {isa = PBXBuildFile; fileRef = 036F64211CE75FD3003F2B94 /* EntryView.swift */; };
		036F64241CE75FEA003F2B94 /* EntryItemView.swift in Sources */ = {isa = PBXBuildFile; fileRef = 036F64231CE75FEA003F2B94 /* EntryItemView.swift */; };
		036F64261CE76022003F2B94 /* Dispatch.swift in Sources */ = {isa = PBXBuildFile; fileRef = 036F64251CE76022003F2B94 /* Dispatch.swift */; };
		03D82F711CE7DC4D003C0D86 /* Alamofire.framework in Frameworks */ = {isa = PBXBuildFile; fileRef = 03D82F701CE7DC4D003C0D86 /* Alamofire.framework */; };
		03D82F731CE7DC74003C0D86 /* UberRides.framework in Frameworks */ = {isa = PBXBuildFile; fileRef = 03D82F721CE7DC74003C0D86 /* UberRides.framework */; };
		03DC11391CE7960700073792 /* Question.swift in Sources */ = {isa = PBXBuildFile; fileRef = 03DC11381CE7960700073792 /* Question.swift */; };
		03DC113B1CE7963B00073792 /* Answer.swift in Sources */ = {isa = PBXBuildFile; fileRef = 03DC113A1CE7963B00073792 /* Answer.swift */; };
		92416B72E27E5931C41F9E54 /* Pods_Heidi.framework in Frameworks */ = {isa = PBXBuildFile; fileRef = 614619ABDB8A17FF125E93BF /* Pods_Heidi.framework */; };
		D1CD520F73F035D37C6EBFB0 /* Pods.framework in Frameworks */ = {isa = PBXBuildFile; fileRef = E9869A52A5EDFF5246AD3BDA /* Pods.framework */; };
/* End PBXBuildFile section */

/* Begin PBXCopyFilesBuildPhase section */
		03D82F751CE7E0A5003C0D86 /* Copy Files */ = {
			isa = PBXCopyFilesBuildPhase;
			buildActionMask = 2147483647;
			dstPath = "";
			dstSubfolderSpec = 10;
			files = (
				03294B121CE7E7680058A93B /* Alamofire.framework in Copy Files */,
				03294B131CE7E7680058A93B /* LKAlertController.framework in Copy Files */,
				03294B141CE7E7680058A93B /* ObjectMapper.framework in Copy Files */,
				03294B151CE7E7680058A93B /* UberRides.framework in Copy Files */,
			);
			name = "Copy Files";
			runOnlyForDeploymentPostprocessing = 0;
		};
/* End PBXCopyFilesBuildPhase section */

/* Begin PBXFileReference section */
		001FC1C4FB4C86325999CC8F /* Pods-Heidi.debug.xcconfig */ = {isa = PBXFileReference; includeInIndex = 1; lastKnownFileType = text.xcconfig; name = "Pods-Heidi.debug.xcconfig"; path = "Pods/Target Support Files/Pods-Heidi/Pods-Heidi.debug.xcconfig"; sourceTree = "<group>"; };
		03294B0E1CE7E7680058A93B /* Alamofire.framework */ = {isa = PBXFileReference; explicitFileType = wrapper.framework; name = Alamofire.framework; path = "/Users/dmarriott/Library/Developer/Xcode/DerivedData/Heidi-funsqbgdbhktdpfpsbmgtfmkmimv/Build/Products/Release-iphoneos/Alamofire.framework"; sourceTree = "<absolute>"; };
		03294B0F1CE7E7680058A93B /* LKAlertController.framework */ = {isa = PBXFileReference; explicitFileType = wrapper.framework; name = LKAlertController.framework; path = "/Users/dmarriott/Library/Developer/Xcode/DerivedData/Heidi-funsqbgdbhktdpfpsbmgtfmkmimv/Build/Products/Release-iphoneos/LKAlertController.framework"; sourceTree = "<absolute>"; };
		03294B101CE7E7680058A93B /* ObjectMapper.framework */ = {isa = PBXFileReference; explicitFileType = wrapper.framework; name = ObjectMapper.framework; path = "/Users/dmarriott/Library/Developer/Xcode/DerivedData/Heidi-funsqbgdbhktdpfpsbmgtfmkmimv/Build/Products/Release-iphoneos/ObjectMapper.framework"; sourceTree = "<absolute>"; };
		03294B111CE7E7680058A93B /* UberRides.framework */ = {isa = PBXFileReference; explicitFileType = wrapper.framework; name = UberRides.framework; path = "/Users/dmarriott/Library/Developer/Xcode/DerivedData/Heidi-funsqbgdbhktdpfpsbmgtfmkmimv/Build/Products/Release-iphoneos/UberRides.framework"; sourceTree = "<absolute>"; };
		036F64021CE75CCA003F2B94 /* Heidi.app */ = {isa = PBXFileReference; explicitFileType = wrapper.application; includeInIndex = 0; path = Heidi.app; sourceTree = BUILT_PRODUCTS_DIR; };
		036F64051CE75CCA003F2B94 /* AppDelegate.swift */ = {isa = PBXFileReference; lastKnownFileType = sourcecode.swift; path = AppDelegate.swift; sourceTree = "<group>"; };
		036F640C1CE75CCA003F2B94 /* Assets.xcassets */ = {isa = PBXFileReference; lastKnownFileType = folder.assetcatalog; path = Assets.xcassets; sourceTree = "<group>"; };
		036F640F1CE75CCA003F2B94 /* Base */ = {isa = PBXFileReference; lastKnownFileType = file.storyboard; name = Base; path = Base.lproj/LaunchScreen.storyboard; sourceTree = "<group>"; };
		036F64111CE75CCA003F2B94 /* Info.plist */ = {isa = PBXFileReference; lastKnownFileType = text.plist.xml; path = Info.plist; sourceTree = "<group>"; };
		036F64171CE75E8D003F2B94 /* MainViewController.swift */ = {isa = PBXFileReference; fileEncoding = 4; lastKnownFileType = sourcecode.swift; path = MainViewController.swift; sourceTree = "<group>"; };
		036F64191CE75F6D003F2B94 /* ChatCell.swift */ = {isa = PBXFileReference; fileEncoding = 4; lastKnownFileType = sourcecode.swift; path = ChatCell.swift; sourceTree = "<group>"; };
		036F641B1CE75F88003F2B94 /* SizeDelegate.swift */ = {isa = PBXFileReference; fileEncoding = 4; lastKnownFileType = sourcecode.swift; path = SizeDelegate.swift; sourceTree = "<group>"; };
		036F641D1CE75F9D003F2B94 /* TypingView.swift */ = {isa = PBXFileReference; fileEncoding = 4; lastKnownFileType = sourcecode.swift; path = TypingView.swift; sourceTree = "<group>"; };
		036F641F1CE75FB4003F2B94 /* LabelExtension.swift */ = {isa = PBXFileReference; fileEncoding = 4; lastKnownFileType = sourcecode.swift; path = LabelExtension.swift; sourceTree = "<group>"; };
		036F64211CE75FD3003F2B94 /* EntryView.swift */ = {isa = PBXFileReference; fileEncoding = 4; lastKnownFileType = sourcecode.swift; path = EntryView.swift; sourceTree = "<group>"; };
		036F64231CE75FEA003F2B94 /* EntryItemView.swift */ = {isa = PBXFileReference; fileEncoding = 4; lastKnownFileType = sourcecode.swift; path = EntryItemView.swift; sourceTree = "<group>"; };
		036F64251CE76022003F2B94 /* Dispatch.swift */ = {isa = PBXFileReference; fileEncoding = 4; lastKnownFileType = sourcecode.swift; path = Dispatch.swift; sourceTree = "<group>"; };
		03D82F701CE7DC4D003C0D86 /* Alamofire.framework */ = {isa = PBXFileReference; lastKnownFileType = wrapper.framework; name = Alamofire.framework; path = "/Users/dmarriott/Library/Developer/Xcode/DerivedData/Heidi-funsqbgdbhktdpfpsbmgtfmkmimv/Build/Products/Debug-iphoneos/Alamofire.framework"; sourceTree = "<absolute>"; };
		03D82F721CE7DC74003C0D86 /* UberRides.framework */ = {isa = PBXFileReference; lastKnownFileType = wrapper.framework; name = UberRides.framework; path = "../../../../../Library/Developer/Xcode/DerivedData/Heidi-funsqbgdbhktdpfpsbmgtfmkmimv/Build/Products/Debug-iphonesimulator/UberRides.framework"; sourceTree = "<group>"; };
		03DC11381CE7960700073792 /* Question.swift */ = {isa = PBXFileReference; fileEncoding = 4; lastKnownFileType = sourcecode.swift; path = Question.swift; sourceTree = "<group>"; };
		03DC113A1CE7963B00073792 /* Answer.swift */ = {isa = PBXFileReference; fileEncoding = 4; lastKnownFileType = sourcecode.swift; path = Answer.swift; sourceTree = "<group>"; };
		0599431127BB27B826A740C5 /* Pods-Heidi.release.xcconfig */ = {isa = PBXFileReference; includeInIndex = 1; lastKnownFileType = text.xcconfig; name = "Pods-Heidi.release.xcconfig"; path = "Pods/Target Support Files/Pods-Heidi/Pods-Heidi.release.xcconfig"; sourceTree = "<group>"; };
		614619ABDB8A17FF125E93BF /* Pods_Heidi.framework */ = {isa = PBXFileReference; explicitFileType = wrapper.framework; includeInIndex = 0; path = Pods_Heidi.framework; sourceTree = BUILT_PRODUCTS_DIR; };
		E9869A52A5EDFF5246AD3BDA /* Pods.framework */ = {isa = PBXFileReference; explicitFileType = wrapper.framework; includeInIndex = 0; path = Pods.framework; sourceTree = BUILT_PRODUCTS_DIR; };
/* End PBXFileReference section */

/* Begin PBXFrameworksBuildPhase section */
		036F63FF1CE75CCA003F2B94 /* Frameworks */ = {
			isa = PBXFrameworksBuildPhase;
			buildActionMask = 2147483647;
			files = (
				03D82F731CE7DC74003C0D86 /* UberRides.framework in Frameworks */,
				03D82F711CE7DC4D003C0D86 /* Alamofire.framework in Frameworks */,
				92416B72E27E5931C41F9E54 /* Pods_Heidi.framework in Frameworks */,
				D1CD520F73F035D37C6EBFB0 /* Pods.framework in Frameworks */,
			);
			runOnlyForDeploymentPostprocessing = 0;
		};
/* End PBXFrameworksBuildPhase section */

/* Begin PBXGroup section */
		036F63F91CE75CCA003F2B94 = {
			isa = PBXGroup;
			children = (
				036F64041CE75CCA003F2B94 /* Heidi */,
				036F64031CE75CCA003F2B94 /* Products */,
				B6CA79B3A82C6B776C893322 /* Pods */,
				F9F470E1E9DBF30C58590647 /* Frameworks */,
			);
			sourceTree = "<group>";
		};
		036F64031CE75CCA003F2B94 /* Products */ = {
			isa = PBXGroup;
			children = (
				036F64021CE75CCA003F2B94 /* Heidi.app */,
			);
			name = Products;
			sourceTree = "<group>";
		};
		036F64041CE75CCA003F2B94 /* Heidi */ = {
			isa = PBXGroup;
			children = (
				036F64051CE75CCA003F2B94 /* AppDelegate.swift */,
				036F64171CE75E8D003F2B94 /* MainViewController.swift */,
				036F64191CE75F6D003F2B94 /* ChatCell.swift */,
				036F64251CE76022003F2B94 /* Dispatch.swift */,
				036F641B1CE75F88003F2B94 /* SizeDelegate.swift */,
				036F641D1CE75F9D003F2B94 /* TypingView.swift */,
				036F641F1CE75FB4003F2B94 /* LabelExtension.swift */,
				036F64211CE75FD3003F2B94 /* EntryView.swift */,
				036F64231CE75FEA003F2B94 /* EntryItemView.swift */,
				03DC11371CE795FB00073792 /* Model */,
				036F640C1CE75CCA003F2B94 /* Assets.xcassets */,
				036F640E1CE75CCA003F2B94 /* LaunchScreen.storyboard */,
				036F64111CE75CCA003F2B94 /* Info.plist */,
			);
			path = Heidi;
			sourceTree = "<group>";
		};
		03DC11371CE795FB00073792 /* Model */ = {
			isa = PBXGroup;
			children = (
				03DC113A1CE7963B00073792 /* Answer.swift */,
				03DC11381CE7960700073792 /* Question.swift */,
			);
			path = Model;
			sourceTree = "<group>";
		};
		B6CA79B3A82C6B776C893322 /* Pods */ = {
			isa = PBXGroup;
			children = (
				001FC1C4FB4C86325999CC8F /* Pods-Heidi.debug.xcconfig */,
				0599431127BB27B826A740C5 /* Pods-Heidi.release.xcconfig */,
			);
			name = Pods;
			sourceTree = "<group>";
		};
		F9F470E1E9DBF30C58590647 /* Frameworks */ = {
			isa = PBXGroup;
			children = (
				03294B0E1CE7E7680058A93B /* Alamofire.framework */,
				03294B0F1CE7E7680058A93B /* LKAlertController.framework */,
				03294B101CE7E7680058A93B /* ObjectMapper.framework */,
				03294B111CE7E7680058A93B /* UberRides.framework */,
				03D82F721CE7DC74003C0D86 /* UberRides.framework */,
				614619ABDB8A17FF125E93BF /* Pods_Heidi.framework */,
				E9869A52A5EDFF5246AD3BDA /* Pods.framework */,
			);
			name = Frameworks;
			sourceTree = "<group>";
		};
/* End PBXGroup section */

/* Begin PBXNativeTarget section */
		036F64011CE75CCA003F2B94 /* Heidi */ = {
			isa = PBXNativeTarget;
			buildConfigurationList = 036F64141CE75CCA003F2B94 /* Build configuration list for PBXNativeTarget "Heidi" */;
			buildPhases = (
				F9FB82AD9EFA314153D442DC /* Check Pods Manifest.lock */,
				036F63FE1CE75CCA003F2B94 /* Sources */,
				036F63FF1CE75CCA003F2B94 /* Frameworks */,
				036F64001CE75CCA003F2B94 /* Resources */,
				47CA217B66985FB2F43C7F6F /* Embed Pods Frameworks */,
				EC7A20E3F9F0F3B6A5A6788E /* Copy Pods Resources */,
				03D82F751CE7E0A5003C0D86 /* Copy Files */,
			);
			buildRules = (
			);
			dependencies = (
			);
			name = Heidi;
			productName = Heidi;
			productReference = 036F64021CE75CCA003F2B94 /* Heidi.app */;
			productType = "com.apple.product-type.application";
		};
/* End PBXNativeTarget section */

/* Begin PBXProject section */
		036F63FA1CE75CCA003F2B94 /* Project object */ = {
			isa = PBXProject;
			attributes = {
				LastSwiftUpdateCheck = 0730;
				LastUpgradeCheck = 0730;
				ORGANIZATIONNAME = "Dylan Marriott";
				TargetAttributes = {
					036F64011CE75CCA003F2B94 = {
						CreatedOnToolsVersion = 7.3.1;
						SystemCapabilities = {
							com.apple.BackgroundModes = {
								enabled = 1;
							};
						};
					};
				};
			};
			buildConfigurationList = 036F63FD1CE75CCA003F2B94 /* Build configuration list for PBXProject "Heidi" */;
			compatibilityVersion = "Xcode 3.2";
			developmentRegion = English;
			hasScannedForEncodings = 0;
			knownRegions = (
				en,
				Base,
			);
			mainGroup = 036F63F91CE75CCA003F2B94;
			productRefGroup = 036F64031CE75CCA003F2B94 /* Products */;
			projectDirPath = "";
			projectRoot = "";
			targets = (
				036F64011CE75CCA003F2B94 /* Heidi */,
			);
		};
/* End PBXProject section */

/* Begin PBXResourcesBuildPhase section */
		036F64001CE75CCA003F2B94 /* Resources */ = {
			isa = PBXResourcesBuildPhase;
			buildActionMask = 2147483647;
			files = (
				036F64101CE75CCA003F2B94 /* LaunchScreen.storyboard in Resources */,
				036F640D1CE75CCA003F2B94 /* Assets.xcassets in Resources */,
			);
			runOnlyForDeploymentPostprocessing = 0;
		};
/* End PBXResourcesBuildPhase section */

/* Begin PBXShellScriptBuildPhase section */
		47CA217B66985FB2F43C7F6F /* Embed Pods Frameworks */ = {
			isa = PBXShellScriptBuildPhase;
			buildActionMask = 2147483647;
			files = (
			);
			inputPaths = (
			);
			name = "Embed Pods Frameworks";
			outputPaths = (
			);
			runOnlyForDeploymentPostprocessing = 0;
			shellPath = /bin/sh;
			shellScript = "\"${SRCROOT}/Pods/Target Support Files/Pods/Pods-frameworks.sh\"\n";
			showEnvVarsInLog = 0;
		};
		EC7A20E3F9F0F3B6A5A6788E /* Copy Pods Resources */ = {
			isa = PBXShellScriptBuildPhase;
			buildActionMask = 2147483647;
			files = (
			);
			inputPaths = (
			);
			name = "Copy Pods Resources";
			outputPaths = (
			);
			runOnlyForDeploymentPostprocessing = 0;
			shellPath = /bin/sh;
			shellScript = "\"${SRCROOT}/Pods/Target Support Files/Pods-Heidi/Pods-Heidi-resources.sh\"\n";
			showEnvVarsInLog = 0;
		};
		F9FB82AD9EFA314153D442DC /* Check Pods Manifest.lock */ = {
			isa = PBXShellScriptBuildPhase;
			buildActionMask = 2147483647;
			files = (
			);
			inputPaths = (
			);
			name = "Check Pods Manifest.lock";
			outputPaths = (
			);
			runOnlyForDeploymentPostprocessing = 0;
			shellPath = /bin/sh;
			shellScript = "diff \"${PODS_ROOT}/../Podfile.lock\" \"${PODS_ROOT}/Manifest.lock\" > /dev/null\nif [[ $? != 0 ]] ; then\n    cat << EOM\nerror: The sandbox is not in sync with the Podfile.lock. Run 'pod install' or update your CocoaPods installation.\nEOM\n    exit 1\nfi\n";
			showEnvVarsInLog = 0;
		};
/* End PBXShellScriptBuildPhase section */

/* Begin PBXSourcesBuildPhase section */
		036F63FE1CE75CCA003F2B94 /* Sources */ = {
			isa = PBXSourcesBuildPhase;
			buildActionMask = 2147483647;
			files = (
				036F64261CE76022003F2B94 /* Dispatch.swift in Sources */,
				036F64201CE75FB4003F2B94 /* LabelExtension.swift in Sources */,
				036F641E1CE75F9D003F2B94 /* TypingView.swift in Sources */,
				036F64241CE75FEA003F2B94 /* EntryItemView.swift in Sources */,
				036F64181CE75E8D003F2B94 /* MainViewController.swift in Sources */,
				03DC113B1CE7963B00073792 /* Answer.swift in Sources */,
				03DC11391CE7960700073792 /* Question.swift in Sources */,
				036F64061CE75CCA003F2B94 /* AppDelegate.swift in Sources */,
				036F64221CE75FD3003F2B94 /* EntryView.swift in Sources */,
				036F641A1CE75F6D003F2B94 /* ChatCell.swift in Sources */,
				036F641C1CE75F88003F2B94 /* SizeDelegate.swift in Sources */,
			);
			runOnlyForDeploymentPostprocessing = 0;
		};
/* End PBXSourcesBuildPhase section */

/* Begin PBXVariantGroup section */
		036F640E1CE75CCA003F2B94 /* LaunchScreen.storyboard */ = {
			isa = PBXVariantGroup;
			children = (
				036F640F1CE75CCA003F2B94 /* Base */,
			);
			name = LaunchScreen.storyboard;
			sourceTree = "<group>";
		};
/* End PBXVariantGroup section */

/* Begin XCBuildConfiguration section */
		036F64121CE75CCA003F2B94 /* Debug */ = {
			isa = XCBuildConfiguration;
			buildSettings = {
				ALWAYS_SEARCH_USER_PATHS = NO;
				CLANG_ANALYZER_NONNULL = YES;
				CLANG_CXX_LANGUAGE_STANDARD = "gnu++0x";
				CLANG_CXX_LIBRARY = "libc++";
				CLANG_ENABLE_MODULES = YES;
				CLANG_ENABLE_OBJC_ARC = YES;
				CLANG_WARN_BOOL_CONVERSION = YES;
				CLANG_WARN_CONSTANT_CONVERSION = YES;
				CLANG_WARN_DIRECT_OBJC_ISA_USAGE = YES_ERROR;
				CLANG_WARN_EMPTY_BODY = YES;
				CLANG_WARN_ENUM_CONVERSION = YES;
				CLANG_WARN_INT_CONVERSION = YES;
				CLANG_WARN_OBJC_ROOT_CLASS = YES_ERROR;
				CLANG_WARN_UNREACHABLE_CODE = YES;
				CLANG_WARN__DUPLICATE_METHOD_MATCH = YES;
				"CODE_SIGN_IDENTITY[sdk=iphoneos*]" = "iPhone Developer";
				COPY_PHASE_STRIP = NO;
				DEBUG_INFORMATION_FORMAT = dwarf;
				ENABLE_STRICT_OBJC_MSGSEND = YES;
				ENABLE_TESTABILITY = YES;
				GCC_C_LANGUAGE_STANDARD = gnu99;
				GCC_DYNAMIC_NO_PIC = NO;
				GCC_NO_COMMON_BLOCKS = YES;
				GCC_OPTIMIZATION_LEVEL = 0;
				GCC_PREPROCESSOR_DEFINITIONS = (
					"DEBUG=1",
					"$(inherited)",
				);
				GCC_WARN_64_TO_32_BIT_CONVERSION = YES;
				GCC_WARN_ABOUT_RETURN_TYPE = YES_ERROR;
				GCC_WARN_UNDECLARED_SELECTOR = YES;
				GCC_WARN_UNINITIALIZED_AUTOS = YES_AGGRESSIVE;
				GCC_WARN_UNUSED_FUNCTION = YES;
				GCC_WARN_UNUSED_VARIABLE = YES;
				IPHONEOS_DEPLOYMENT_TARGET = 9.3;
				MTL_ENABLE_DEBUG_INFO = YES;
				ONLY_ACTIVE_ARCH = YES;
				SDKROOT = iphoneos;
				SWIFT_OPTIMIZATION_LEVEL = "-Onone";
			};
			name = Debug;
		};
		036F64131CE75CCA003F2B94 /* Release */ = {
			isa = XCBuildConfiguration;
			buildSettings = {
				ALWAYS_SEARCH_USER_PATHS = NO;
				CLANG_ANALYZER_NONNULL = YES;
				CLANG_CXX_LANGUAGE_STANDARD = "gnu++0x";
				CLANG_CXX_LIBRARY = "libc++";
				CLANG_ENABLE_MODULES = YES;
				CLANG_ENABLE_OBJC_ARC = YES;
				CLANG_WARN_BOOL_CONVERSION = YES;
				CLANG_WARN_CONSTANT_CONVERSION = YES;
				CLANG_WARN_DIRECT_OBJC_ISA_USAGE = YES_ERROR;
				CLANG_WARN_EMPTY_BODY = YES;
				CLANG_WARN_ENUM_CONVERSION = YES;
				CLANG_WARN_INT_CONVERSION = YES;
				CLANG_WARN_OBJC_ROOT_CLASS = YES_ERROR;
				CLANG_WARN_UNREACHABLE_CODE = YES;
				CLANG_WARN__DUPLICATE_METHOD_MATCH = YES;
				"CODE_SIGN_IDENTITY[sdk=iphoneos*]" = "iPhone Developer";
				COPY_PHASE_STRIP = NO;
				DEBUG_INFORMATION_FORMAT = "dwarf-with-dsym";
				ENABLE_NS_ASSERTIONS = NO;
				ENABLE_STRICT_OBJC_MSGSEND = YES;
				GCC_C_LANGUAGE_STANDARD = gnu99;
				GCC_NO_COMMON_BLOCKS = YES;
				GCC_WARN_64_TO_32_BIT_CONVERSION = YES;
				GCC_WARN_ABOUT_RETURN_TYPE = YES_ERROR;
				GCC_WARN_UNDECLARED_SELECTOR = YES;
				GCC_WARN_UNINITIALIZED_AUTOS = YES_AGGRESSIVE;
				GCC_WARN_UNUSED_FUNCTION = YES;
				GCC_WARN_UNUSED_VARIABLE = YES;
				IPHONEOS_DEPLOYMENT_TARGET = 9.3;
				MTL_ENABLE_DEBUG_INFO = NO;
				SDKROOT = iphoneos;
				VALIDATE_PRODUCT = YES;
			};
			name = Release;
		};
		036F64151CE75CCA003F2B94 /* Debug */ = {
			isa = XCBuildConfiguration;
			baseConfigurationReference = 001FC1C4FB4C86325999CC8F /* Pods-Heidi.debug.xcconfig */;
			buildSettings = {
				ASSETCATALOG_COMPILER_APPICON_NAME = AppIcon;
				ENABLE_BITCODE = NO;
				INFOPLIST_FILE = Heidi/Info.plist;
				LD_RUNPATH_SEARCH_PATHS = "@executable_path/Frameworks";
				PRODUCT_BUNDLE_IDENTIFIER = com.dylanmarriott.Heidi;
				PRODUCT_NAME = "$(TARGET_NAME)";
			};
			name = Debug;
		};
		036F64161CE75CCA003F2B94 /* Release */ = {
			isa = XCBuildConfiguration;
			baseConfigurationReference = 0599431127BB27B826A740C5 /* Pods-Heidi.release.xcconfig */;
			buildSettings = {
				ASSETCATALOG_COMPILER_APPICON_NAME = AppIcon;
				ENABLE_BITCODE = NO;
				INFOPLIST_FILE = Heidi/Info.plist;
				LD_RUNPATH_SEARCH_PATHS = "@executable_path/Frameworks";
				PRODUCT_BUNDLE_IDENTIFIER = com.dylanmarriott.Heidi;
				PRODUCT_NAME = "$(TARGET_NAME)";
				PROVISIONING_PROFILE = "85e973b2-4f5b-4637-a044-d29297e148e6";
			};
			name = Release;
		};
/* End XCBuildConfiguration section */

/* Begin XCConfigurationList section */
		036F63FD1CE75CCA003F2B94 /* Build configuration list for PBXProject "Heidi" */ = {
			isa = XCConfigurationList;
			buildConfigurations = (
				036F64121CE75CCA003F2B94 /* Debug */,
				036F64131CE75CCA003F2B94 /* Release */,
			);
			defaultConfigurationIsVisible = 0;
			defaultConfigurationName = Release;
		};
		036F64141CE75CCA003F2B94 /* Build configuration list for PBXNativeTarget "Heidi" */ = {
			isa = XCConfigurationList;
			buildConfigurations = (
				036F64151CE75CCA003F2B94 /* Debug */,
				036F64161CE75CCA003F2B94 /* Release */,
			);
			defaultConfigurationIsVisible = 0;
			defaultConfigurationName = Release;
		};
/* End XCConfigurationList section */
	};
	rootObject = 036F63FA1CE75CCA003F2B94 /* Project object */;
}
